<?xml version="1.0" encoding="utf-8"?>
<Project ToolsVersion="4.0" xmlns="http://schemas.microsoft.com/developer/msbuild/2003">
  <ItemGroup>
    <ClCompile Include="..\..\irig106lib\src\i106_data_stream.c" />
    <ClCompile Include="..\..\irig106lib\src\i106_decode_tmats.c" />
    <ClCompile Include="..\..\irig106lib\src\irig106ch10.c" />
    <ClCompile Include="..\src\i106udprcv.c" />
    <ClCompile Include="..\..\irig106lib\src\i106_decode_tmats_g.c" />
    <ClCompile Include="..\..\irig106lib\src\i106_decode_tmats_p.c" />
    <ClCompile Include="..\..\irig106lib\src\i106_decode_tmats_r.c" />
    <ClCompile Include="..\..\irig106lib\src\i106_time.c" />
    <ClCompile Include="..\..\irig106lib\src\i106_decode_time.c" />
  </ItemGroup>
  <ItemGroup>
    <ClInclude Include="..\..\irig106lib\src\config.h" />
    <ClInclude Include="..\..\irig106lib\src\i106_data_stream.h" />
    <ClInclude Include="..\..\irig106lib\src\i106_decode_tmats.h" />
    <ClInclude Include="..\..\irig106lib\src\i106_stdint.h" />
    <ClInclude Include="..\..\irig106lib\src\irig106ch10.h" />
    <ClInclude Include="..\..\irig106lib\src\i106_decode_tmats_p.h" />
    <ClInclude Include="..\..\irig106lib\src\i106_decode_tmats_g.h" />
    <ClInclude Include="..\..\irig106lib\src\i106_decode_tmats_common.h" />
    <ClInclude Include="..\..\irig106lib\src\i106_time.h" />
    <ClInclude Include="..\..\irig106lib\src\i106_decode_time.h" />
  </ItemGroup>
</Project>